// !$*UTF8*$!
{
	archiveVersion = 1;
	classes = {
	};
	objectVersion = 46;
	objects = {

/* Begin PBXBuildFile section */
		49CB51AD1AB1262100CD9931 /* main.m in Sources */ = {isa = PBXBuildFile; fileRef = 49CB51AC1AB1262100CD9931 /* main.m */; };
		49CB51B01AB1262100CD9931 /* AppDelegate.m in Sources */ = {isa = PBXBuildFile; fileRef = 49CB51AF1AB1262100CD9931 /* AppDelegate.m */; };
		49CB51B31AB1262100CD9931 /* ViewController.m in Sources */ = {isa = PBXBuildFile; fileRef = 49CB51B21AB1262100CD9931 /* ViewController.m */; };
		49CB51B61AB1262100CD9931 /* Main.storyboard in Resources */ = {isa = PBXBuildFile; fileRef = 49CB51B41AB1262100CD9931 /* Main.storyboard */; };
		49CB51B81AB1262100CD9931 /* Images.xcassets in Resources */ = {isa = PBXBuildFile; fileRef = 49CB51B71AB1262100CD9931 /* Images.xcassets */; };
		49CB51BB1AB1262100CD9931 /* LaunchScreen.xib in Resources */ = {isa = PBXBuildFile; fileRef = 49CB51B91AB1262100CD9931 /* LaunchScreen.xib */; };
		49CB51C71AB1262100CD9931 /* AA3DESDemoTests.m in Sources */ = {isa = PBXBuildFile; fileRef = 49CB51C61AB1262100CD9931 /* AA3DESDemoTests.m */; };
		49CB51D31AB1269600CD9931 /* AA3DESManager.m in Sources */ = {isa = PBXBuildFile; fileRef = 49CB51D21AB1269600CD9931 /* AA3DESManager.m */; };
		49CB51D81AB1269D00CD9931 /* GTMBase64.m in Sources */ = {isa = PBXBuildFile; fileRef = 49CB51D61AB1269D00CD9931 /* GTMBase64.m */; settings = {COMPILER_FLAGS = "-fno-objc-arc"; }; };
/* End PBXBuildFile section */

/* Begin PBXContainerItemProxy section */
		49CB51C11AB1262100CD9931 /* PBXContainerItemProxy */ = {
			isa = PBXContainerItemProxy;
			containerPortal = 49CB519F1AB1262100CD9931 /* Project object */;
			proxyType = 1;
			remoteGlobalIDString = 49CB51A61AB1262100CD9931;
			remoteInfo = AA3DESDemo;
		};
/* End PBXContainerItemProxy section */

/* Begin PBXFileReference section */
		49CB51A71AB1262100CD9931 /* AA3DESDemo.app */ = {isa = PBXFileReference; explicitFileType = wrapper.application; includeInIndex = 0; path = AA3DESDemo.app; sourceTree = BUILT_PRODUCTS_DIR; };
		49CB51AB1AB1262100CD9931 /* Info.plist */ = {isa = PBXFileReference; lastKnownFileType = text.plist.xml; path = Info.plist; sourceTree = "<group>"; };
		49CB51AC1AB1262100CD9931 /* main.m */ = {isa = PBXFileReference; lastKnownFileType = sourcecode.c.objc; path = main.m; sourceTree = "<group>"; };
		49CB51AE1AB1262100CD9931 /* AppDelegate.h */ = {isa = PBXFileReference; lastKnownFileType = sourcecode.c.h; path = AppDelegate.h; sourceTree = "<group>"; };
		49CB51AF1AB1262100CD9931 /* AppDelegate.m */ = {isa = PBXFileReference; lastKnownFileType = sourcecode.c.objc; path = AppDelegate.m; sourceTree = "<group>"; };
		49CB51B11AB1262100CD9931 /* ViewController.h */ = {isa = PBXFileReference; lastKnownFileType = sourcecode.c.h; path = ViewController.h; sourceTree = "<group>"; };
		49CB51B21AB1262100CD9931 /* ViewController.m */ = {isa = PBXFileReference; lastKnownFileType = sourcecode.c.objc; path = ViewController.m; sourceTree = "<group>"; };
		49CB51B51AB1262100CD9931 /* Base */ = {isa = PBXFileReference; lastKnownFileType = file.storyboard; name = Base; path = Base.lproj/Main.storyboard; sourceTree = "<group>"; };
		49CB51B71AB1262100CD9931 /* Images.xcassets */ = {isa = PBXFileReference; lastKnownFileType = folder.assetcatalog; path = Images.xcassets; sourceTree = "<group>"; };
		49CB51BA1AB1262100CD9931 /* Base */ = {isa = PBXFileReference; lastKnownFileType = file.xib; name = Base; path = Base.lproj/LaunchScreen.xib; sourceTree = "<group>"; };
		49CB51C01AB1262100CD9931 /* AA3DESDemoTests.xctest */ = {isa = PBXFileReference; explicitFileType = wrapper.cfbundle; includeInIndex = 0; path = AA3DESDemoTests.xctest; sourceTree = BUILT_PRODUCTS_DIR; };
		49CB51C51AB1262100CD9931 /* Info.plist */ = {isa = PBXFileReference; lastKnownFileType = text.plist.xml; path = Info.plist; sourceTree = "<group>"; };
		49CB51C61AB1262100CD9931 /* AA3DESDemoTests.m */ = {isa = PBXFileReference; lastKnownFileType = sourcecode.c.objc; path = AA3DESDemoTests.m; sourceTree = "<group>"; };
		49CB51D11AB1269600CD9931 /* AA3DESManager.h */ = {isa = PBXFileReference; fileEncoding = 4; lastKnownFileType = sourcecode.c.h; path = AA3DESManager.h; sourceTree = "<group>"; };
		49CB51D21AB1269600CD9931 /* AA3DESManager.m */ = {isa = PBXFileReference; fileEncoding = 4; lastKnownFileType = sourcecode.c.objc; path = AA3DESManager.m; sourceTree = "<group>"; };
		49CB51D51AB1269D00CD9931 /* GTMBase64.h */ = {isa = PBXFileReference; fileEncoding = 4; lastKnownFileType = sourcecode.c.h; path = GTMBase64.h; sourceTree = "<group>"; };
		49CB51D61AB1269D00CD9931 /* GTMBase64.m */ = {isa = PBXFileReference; fileEncoding = 4; lastKnownFileType = sourcecode.c.objc; path = GTMBase64.m; sourceTree = "<group>"; };
		49CB51D71AB1269D00CD9931 /* GTMDefines.h */ = {isa = PBXFileReference; fileEncoding = 4; lastKnownFileType = sourcecode.c.h; path = GTMDefines.h; sourceTree = "<group>"; };
/* End PBXFileReference section */

/* Begin PBXFrameworksBuildPhase section */
		49CB51A41AB1262100CD9931 /* Frameworks */ = {
			isa = PBXFrameworksBuildPhase;
			buildActionMask = 2147483647;
			files = (
			);
			runOnlyForDeploymentPostprocessing = 0;
		};
		49CB51BD1AB1262100CD9931 /* Frameworks */ = {
			isa = PBXFrameworksBuildPhase;
			buildActionMask = 2147483647;
			files = (
			);
			runOnlyForDeploymentPostprocessing = 0;
		};
/* End PBXFrameworksBuildPhase section */

/* Begin PBXGroup section */
		49CB519E1AB1262100CD9931 = {
			isa = PBXGroup;
			children = (
				49CB51D01AB1264400CD9931 /* AA3DES */,
				49CB51A91AB1262100CD9931 /* AA3DESDemo */,
				49CB51C31AB1262100CD9931 /* AA3DESDemoTests */,
				49CB51A81AB1262100CD9931 /* Products */,
			);
			sourceTree = "<group>";
		};
		49CB51A81AB1262100CD9931 /* Products */ = {
			isa = PBXGroup;
			children = (
				49CB51A71AB1262100CD9931 /* AA3DESDemo.app */,
				49CB51C01AB1262100CD9931 /* AA3DESDemoTests.xctest */,
			);
			name = Products;
			sourceTree = "<group>";
		};
		49CB51A91AB1262100CD9931 /* AA3DESDemo */ = {
			isa = PBXGroup;
			children = (
				49CB51AE1AB1262100CD9931 /* AppDelegate.h */,
				49CB51AF1AB1262100CD9931 /* AppDelegate.m */,
				49CB51B11AB1262100CD9931 /* ViewController.h */,
				49CB51B21AB1262100CD9931 /* ViewController.m */,
				49CB51B41AB1262100CD9931 /* Main.storyboard */,
				49CB51B71AB1262100CD9931 /* Images.xcassets */,
				49CB51B91AB1262100CD9931 /* LaunchScreen.xib */,
				49CB51AA1AB1262100CD9931 /* Supporting Files */,
			);
			path = AA3DESDemo;
			sourceTree = "<group>";
		};
		49CB51AA1AB1262100CD9931 /* Supporting Files */ = {
			isa = PBXGroup;
			children = (
				49CB51AB1AB1262100CD9931 /* Info.plist */,
				49CB51AC1AB1262100CD9931 /* main.m */,
			);
			name = "Supporting Files";
			sourceTree = "<group>";
		};
		49CB51C31AB1262100CD9931 /* AA3DESDemoTests */ = {
			isa = PBXGroup;
			children = (
				49CB51C61AB1262100CD9931 /* AA3DESDemoTests.m */,
				49CB51C41AB1262100CD9931 /* Supporting Files */,
			);
			path = AA3DESDemoTests;
			sourceTree = "<group>";
		};
		49CB51C41AB1262100CD9931 /* Supporting Files */ = {
			isa = PBXGroup;
			children = (
				49CB51C51AB1262100CD9931 /* Info.plist */,
			);
			name = "Supporting Files";
			sourceTree = "<group>";
		};
		49CB51D01AB1264400CD9931 /* AA3DES */ = {
			isa = PBXGroup;
			children = (
				49CB51D41AB1269D00CD9931 /* Base64 */,
				49CB51D11AB1269600CD9931 /* AA3DESManager.h */,
				49CB51D21AB1269600CD9931 /* AA3DESManager.m */,
			);
			path = AA3DES;
			sourceTree = "<group>";
		};
		49CB51D41AB1269D00CD9931 /* Base64 */ = {
			isa = PBXGroup;
			children = (
				49CB51D51AB1269D00CD9931 /* GTMBase64.h */,
				49CB51D61AB1269D00CD9931 /* GTMBase64.m */,
				49CB51D71AB1269D00CD9931 /* GTMDefines.h */,
			);
			path = Base64;
			sourceTree = "<group>";
		};
/* End PBXGroup section */

/* Begin PBXNativeTarget section */
		49CB51A61AB1262100CD9931 /* AA3DESDemo */ = {
			isa = PBXNativeTarget;
			buildConfigurationList = 49CB51CA1AB1262100CD9931 /* Build configuration list for PBXNativeTarget "AA3DESDemo" */;
			buildPhases = (
				49CB51A31AB1262100CD9931 /* Sources */,
				49CB51A41AB1262100CD9931 /* Frameworks */,
				49CB51A51AB1262100CD9931 /* Resources */,
			);
			buildRules = (
			);
			dependencies = (
			);
			name = AA3DESDemo;
			productName = AA3DESDemo;
			productReference = 49CB51A71AB1262100CD9931 /* AA3DESDemo.app */;
			productType = "com.apple.product-type.application";
		};
		49CB51BF1AB1262100CD9931 /* AA3DESDemoTests */ = {
			isa = PBXNativeTarget;
			buildConfigurationList = 49CB51CD1AB1262100CD9931 /* Build configuration list for PBXNativeTarget "AA3DESDemoTests" */;
			buildPhases = (
				49CB51BC1AB1262100CD9931 /* Sources */,
				49CB51BD1AB1262100CD9931 /* Frameworks */,
				49CB51BE1AB1262100CD9931 /* Resources */,
			);
			buildRules = (
			);
			dependencies = (
				49CB51C21AB1262100CD9931 /* PBXTargetDependency */,
			);
			name = AA3DESDemoTests;
			productName = AA3DESDemoTests;
			productReference = 49CB51C01AB1262100CD9931 /* AA3DESDemoTests.xctest */;
			productType = "com.apple.product-type.bundle.unit-test";
		};
/* End PBXNativeTarget section */

/* Begin PBXProject section */
		49CB519F1AB1262100CD9931 /* Project object */ = {
			isa = PBXProject;
			attributes = {
				LastUpgradeCheck = 0610;
				ORGANIZATIONNAME = Arlexovincy;
				TargetAttributes = {
					49CB51A61AB1262100CD9931 = {
						CreatedOnToolsVersion = 6.1;
					};
					49CB51BF1AB1262100CD9931 = {
						CreatedOnToolsVersion = 6.1;
						TestTargetID = 49CB51A61AB1262100CD9931;
					};
				};
			};
			buildConfigurationList = 49CB51A21AB1262100CD9931 /* Build configuration list for PBXProject "AA3DESDemo" */;
			compatibilityVersion = "Xcode 3.2";
			developmentRegion = English;
			hasScannedForEncodings = 0;
			knownRegions = (
				en,
				Base,
			);
			mainGroup = 49CB519E1AB1262100CD9931;
			productRefGroup = 49CB51A81AB1262100CD9931 /* Products */;
			projectDirPath = "";
			projectRoot = "";
			targets = (
				49CB51A61AB1262100CD9931 /* AA3DESDemo */,
				49CB51BF1AB1262100CD9931 /* AA3DESDemoTests */,
			);
		};
/* End PBXProject section */

/* Begin PBXResourcesBuildPhase section */
		49CB51A51AB1262100CD9931 /* Resources */ = {
			isa = PBXResourcesBuildPhase;
			buildActionMask = 2147483647;
			files = (
				49CB51B61AB1262100CD9931 /* Main.storyboard in Resources */,
				49CB51BB1AB1262100CD9931 /* LaunchScreen.xib in Resources */,
				49CB51B81AB1262100CD9931 /* Images.xcassets in Resources */,
			);
			runOnlyForDeploymentPostprocessing = 0;
		};
		49CB51BE1AB1262100CD9931 /* Resources */ = {
			isa = PBXResourcesBuildPhase;
			buildActionMask = 2147483647;
			files = (
			);
			runOnlyForDeploymentPostprocessing = 0;
		};
/* End PBXResourcesBuildPhase section */

/* Begin PBXSourcesBuildPhase section */
		49CB51A31AB1262100CD9931 /* Sources */ = {
			isa = PBXSourcesBuildPhase;
			buildActionMask = 2147483647;
			files = (
				49CB51B31AB1262100CD9931 /* ViewController.m in Sources */,
				49CB51B01AB1262100CD9931 /* AppDelegate.m in Sources */,
				49CB51D81AB1269D00CD9931 /* GTMBase64.m in Sources */,
				49CB51D31AB1269600CD9931 /* AA3DESManager.m in Sources */,
				49CB51AD1AB1262100CD9931 /* main.m in Sources */,
			);
			runOnlyForDeploymentPostprocessing = 0;
		};
		49CB51BC1AB1262100CD9931 /* Sources */ = {
			isa = PBXSourcesBuildPhase;
			buildActionMask = 2147483647;
			files = (
				49CB51C71AB1262100CD9931 /* AA3DESDemoTests.m in Sources */,
			);
			runOnlyForDeploymentPostprocessing = 0;
		};
/* End PBXSourcesBuildPhase section */

/* Begin PBXTargetDependency section */
		49CB51C21AB1262100CD9931 /* PBXTargetDependency */ = {
			isa = PBXTargetDependency;
			target = 49CB51A61AB1262100CD9931 /* AA3DESDemo */;
			targetProxy = 49CB51C11AB1262100CD9931 /* PBXContainerItemProxy */;
		};
/* End PBXTargetDependency section */

/* Begin PBXVariantGroup section */
		49CB51B41AB1262100CD9931 /* Main.storyboard */ = {
			isa = PBXVariantGroup;
			children = (
				49CB51B51AB1262100CD9931 /* Base */,
			);
			name = Main.storyboard;
			sourceTree = "<group>";
		};
		49CB51B91AB1262100CD9931 /* LaunchScreen.xib */ = {
			isa = PBXVariantGroup;
			children = (
				49CB51BA1AB1262100CD9931 /* Base */,
			);
			name = LaunchScreen.xib;
			sourceTree = "<group>";
		};
/* End PBXVariantGroup section */

/* Begin XCBuildConfiguration section */
		49CB51C81AB1262100CD9931 /* Debug */ = {
			isa = XCBuildConfiguration;
			buildSettings = {
				ALWAYS_SEARCH_USER_PATHS = NO;
				CLANG_CXX_LANGUAGE_STANDARD = "gnu++0x";
				CLANG_CXX_LIBRARY = "libc++";
				CLANG_ENABLE_MODULES = YES;
				CLANG_ENABLE_OBJC_ARC = YES;
				CLANG_WARN_BOOL_CONVERSION = YES;
				CLANG_WARN_CONSTANT_CONVERSION = YES;
				CLANG_WARN_DIRECT_OBJC_ISA_USAGE = YES_ERROR;
				CLANG_WARN_EMPTY_BODY = YES;
				CLANG_WARN_ENUM_CONVERSION = YES;
				CLANG_WARN_INT_CONVERSION = YES;
				CLANG_WARN_OBJC_ROOT_CLASS = YES_ERROR;
				CLANG_WARN_UNREACHABLE_CODE = YES;
				CLANG_WARN__DUPLICATE_METHOD_MATCH = YES;
				"CODE_SIGN_IDENTITY[sdk=iphoneos*]" = "iPhone Developer";
				COPY_PHASE_STRIP = NO;
				ENABLE_STRICT_OBJC_MSGSEND = YES;
				GCC_C_LANGUAGE_STANDARD = gnu99;
				GCC_DYNAMIC_NO_PIC = NO;
				GCC_OPTIMIZATION_LEVEL = 0;
				GCC_PREPROCESSOR_DEFINITIONS = (
					"DEBUG=1",
					"$(inherited)",
				);
				GCC_SYMBOLS_PRIVATE_EXTERN = NO;
				GCC_WARN_64_TO_32_BIT_CONVERSION = YES;
				GCC_WARN_ABOUT_RETURN_TYPE = YES_ERROR;
				GCC_WARN_UNDECLARED_SELECTOR = YES;
				GCC_WARN_UNINITIALIZED_AUTOS = YES_AGGRESSIVE;
				GCC_WARN_UNUSED_FUNCTION = YES;
				GCC_WARN_UNUSED_VARIABLE = YES;
				IPHONEOS_DEPLOYMENT_TARGET = 8.1;
				MTL_ENABLE_DEBUG_INFO = YES;
				ONLY_ACTIVE_ARCH = YES;
				SDKROOT = iphoneos;
			};
			name = Debug;
		};
		49CB51C91AB1262100CD9931 /* Release */ = {
			isa = XCBuildConfiguration;
			buildSettings = {
				ALWAYS_SEARCH_USER_PATHS = NO;
				CLANG_CXX_LANGUAGE_STANDARD = "gnu++0x";
				CLANG_CXX_LIBRARY = "libc++";
				CLANG_ENABLE_MODULES = YES;
				CLANG_ENABLE_OBJC_ARC = YES;
				CLANG_WARN_BOOL_CONVERSION = YES;
				CLANG_WARN_CONSTANT_CONVERSION = YES;
				CLANG_WARN_DIRECT_OBJC_ISA_USAGE = YES_ERROR;
				CLANG_WARN_EMPTY_BODY = YES;
				CLANG_WARN_ENUM_CONVERSION = YES;
				CLANG_WARN_INT_CONVERSION = YES;
				CLANG_WARN_OBJC_ROOT_CLASS = YES_ERROR;
				CLANG_WARN_UNREACHABLE_CODE = YES;
				CLANG_WARN__DUPLICATE_METHOD_MATCH = YES;
				"CODE_SIGN_IDENTITY[sdk=iphoneos*]" = "iPhone Developer";
				COPY_PHASE_STRIP = YES;
				ENABLE_NS_ASSERTIONS = NO;
				ENABLE_STRICT_OBJC_MSGSEND = YES;
				GCC_C_LANGUAGE_STANDARD = gnu99;
				GCC_WARN_64_TO_32_BIT_CONVERSION = YES;
				GCC_WARN_ABOUT_RETURN_TYPE = YES_ERROR;
				GCC_WARN_UNDECLARED_SELECTOR = YES;
				GCC_WARN_UNINITIALIZED_AUTOS = YES_AGGRESSIVE;
				GCC_WARN_UNUSED_FUNCTION = YES;
				GCC_WARN_UNUSED_VARIABLE = YES;
				IPHONEOS_DEPLOYMENT_TARGET = 8.1;
				MTL_ENABLE_DEBUG_INFO = NO;
				SDKROOT = iphoneos;
				VALIDATE_PRODUCT = YES;
			};
			name = Release;
		};
		49CB51CB1AB1262100CD9931 /* Debug */ = {
			isa = XCBuildConfiguration;
			buildSettings = {
				ASSETCATALOG_COMPILER_APPICON_NAME = AppIcon;
				INFOPLIST_FILE = AA3DESDemo/Info.plist;
				LD_RUNPATH_SEARCH_PATHS = "$(inherited) @executable_path/Frameworks";
				PRODUCT_NAME = "$(TARGET_NAME)";
			};
			name = Debug;
		};
		49CB51CC1AB1262100CD9931 /* Release */ = {
			isa = XCBuildConfiguration;
			buildSettings = {
				ASSETCATALOG_COMPILER_APPICON_NAME = AppIcon;
				INFOPLIST_FILE = AA3DESDemo/Info.plist;
				LD_RUNPATH_SEARCH_PATHS = "$(inherited) @executable_path/Frameworks";
				PRODUCT_NAME = "$(TARGET_NAME)";
			};
			name = Release;
		};
		49CB51CE1AB1262100CD9931 /* Debug */ = {
			isa = XCBuildConfiguration;
			buildSettings = {
				BUNDLE_LOADER = "$(TEST_HOST)";
				FRAMEWORK_SEARCH_PATHS = (
					"$(SDKROOT)/Developer/Library/Frameworks",
					"$(inherited)",
				);
				GCC_PREPROCESSOR_DEFINITIONS = (
					"DEBUG=1",
					"$(inherited)",
				);
				INFOPLIST_FILE = AA3DESDemoTests/Info.plist;
				LD_RUNPATH_SEARCH_PATHS = "$(inherited) @executable_path/Frameworks @loader_path/Frameworks";
				PRODUCT_NAME = "$(TARGET_NAME)";
				TEST_HOST = "$(BUILT_PRODUCTS_DIR)/AA3DESDemo.app/AA3DESDemo";
			};
			name = Debug;
		};
		49CB51CF1AB1262100CD9931 /* Release */ = {
			isa = XCBuildConfiguration;
			buildSettings = {
				BUNDLE_LOADER = "$(TEST_HOST)";
				FRAMEWORK_SEARCH_PATHS = (
					"$(SDKROOT)/Developer/Library/Frameworks",
					"$(inherited)",
				);
				INFOPLIST_FILE = AA3DESDemoTests/Info.plist;
				LD_RUNPATH_SEARCH_PATHS = "$(inherited) @executable_path/Frameworks @loader_path/Frameworks";
				PRODUCT_NAME = "$(TARGET_NAME)";
				TEST_HOST = "$(BUILT_PRODUCTS_DIR)/AA3DESDemo.app/AA3DESDemo";
			};
			name = Release;
		};
/* End XCBuildConfiguration section */

/* Begin XCConfigurationList section */
		49CB51A21AB1262100CD9931 /* Build configuration list for PBXProject "AA3DESDemo" */ = {
			isa = XCConfigurationList;
			buildConfigurations = (
				49CB51C81AB1262100CD9931 /* Debug */,
				49CB51C91AB1262100CD9931 /* Release */,
			);
			defaultConfigurationIsVisible = 0;
			defaultConfigurationName = Release;
		};
		49CB51CA1AB1262100CD9931 /* Build configuration list for PBXNativeTarget "AA3DESDemo" */ = {
			isa = XCConfigurationList;
			buildConfigurations = (
				49CB51CB1AB1262100CD9931 /* Debug */,
				49CB51CC1AB1262100CD9931 /* Release */,
			);
			defaultConfigurationIsVisible = 0;
		};
		49CB51CD1AB1262100CD9931 /* Build configuration list for PBXNativeTarget "AA3DESDemoTests" */ = {
			isa = XCConfigurationList;
			buildConfigurations = (
				49CB51CE1AB1262100CD9931 /* Debug */,
				49CB51CF1AB1262100CD9931 /* Release */,
			);
			defaultConfigurationIsVisible = 0;
		};
/* End XCConfigurationList section */
	};
	rootObject = 49CB519F1AB1262100CD9931 /* Project object */;
}
